// !$*UTF8*$!
{
	archiveVersion = 1;
	classes = {
	};
	objectVersion = 56;
	objects = {

/* Begin PBXBuildFile section */
		DC5D44AF2C57AB9600F86920 /* CartManager.swift in Sources */ = {isa = PBXBuildFile; fileRef = DC5D44AE2C57AB9600F86920 /* CartManager.swift */; };
		DC5D44B12C57ADA400F86920 /* ProductItem.swift in Sources */ = {isa = PBXBuildFile; fileRef = DC5D44B02C57ADA400F86920 /* ProductItem.swift */; };
		DC5D44D32C57B6B400F86920 /* ProductStore.swift in Sources */ = {isa = PBXBuildFile; fileRef = DC5D44D22C57B6B400F86920 /* ProductStore.swift */; };
		DC5D44D92C57BA3F00F86920 /* ProductView_Cell.swift in Sources */ = {isa = PBXBuildFile; fileRef = DC5D44D82C57BA3F00F86920 /* ProductView_Cell.swift */; };
		DC5D44DC2C57BF8B00F86920 /* CartView.swift in Sources */ = {isa = PBXBuildFile; fileRef = DC5D44DB2C57BF8B00F86920 /* CartView.swift */; };
		DCBE26FF2C578523008082FA /* PatternExamplesApp.swift in Sources */ = {isa = PBXBuildFile; fileRef = DCBE26FE2C578523008082FA /* PatternExamplesApp.swift */; };
		DCBE27012C578523008082FA /* ProductView.swift in Sources */ = {isa = PBXBuildFile; fileRef = DCBE27002C578523008082FA /* ProductView.swift */; };
		DCBE27032C578524008082FA /* Assets.xcassets in Resources */ = {isa = PBXBuildFile; fileRef = DCBE27022C578524008082FA /* Assets.xcassets */; };
		DCBE27062C578524008082FA /* Preview Assets.xcassets in Resources */ = {isa = PBXBuildFile; fileRef = DCBE27052C578524008082FA /* Preview Assets.xcassets */; };
/* End PBXBuildFile section */

/* Begin PBXFileReference section */
		DC5D44AE2C57AB9600F86920 /* CartManager.swift */ = {isa = PBXFileReference; lastKnownFileType = sourcecode.swift; path = CartManager.swift; sourceTree = "<group>"; };
		DC5D44B02C57ADA400F86920 /* ProductItem.swift */ = {isa = PBXFileReference; lastKnownFileType = sourcecode.swift; path = ProductItem.swift; sourceTree = "<group>"; };
		DC5D44D22C57B6B400F86920 /* ProductStore.swift */ = {isa = PBXFileReference; lastKnownFileType = sourcecode.swift; path = ProductStore.swift; sourceTree = "<group>"; };
		DC5D44D82C57BA3F00F86920 /* ProductView_Cell.swift */ = {isa = PBXFileReference; lastKnownFileType = sourcecode.swift; path = ProductView_Cell.swift; sourceTree = "<group>"; };
		DC5D44DB2C57BF8B00F86920 /* CartView.swift */ = {isa = PBXFileReference; lastKnownFileType = sourcecode.swift; path = CartView.swift; sourceTree = "<group>"; };
		DCBE26FB2C578523008082FA /* PatternExamples.app */ = {isa = PBXFileReference; explicitFileType = wrapper.application; includeInIndex = 0; path = PatternExamples.app; sourceTree = BUILT_PRODUCTS_DIR; };
		DCBE26FE2C578523008082FA /* PatternExamplesApp.swift */ = {isa = PBXFileReference; lastKnownFileType = sourcecode.swift; path = PatternExamplesApp.swift; sourceTree = "<group>"; };
		DCBE27002C578523008082FA /* ProductView.swift */ = {isa = PBXFileReference; lastKnownFileType = sourcecode.swift; path = ProductView.swift; sourceTree = "<group>"; };
		DCBE27022C578524008082FA /* Assets.xcassets */ = {isa = PBXFileReference; lastKnownFileType = folder.assetcatalog; path = Assets.xcassets; sourceTree = "<group>"; };
		DCBE27052C578524008082FA /* Preview Assets.xcassets */ = {isa = PBXFileReference; lastKnownFileType = folder.assetcatalog; path = "Preview Assets.xcassets"; sourceTree = "<group>"; };
/* End PBXFileReference section */

/* Begin PBXFrameworksBuildPhase section */
		DCBE26F82C578523008082FA /* Frameworks */ = {
			isa = PBXFrameworksBuildPhase;
			buildActionMask = 2147483647;
			files = (
			);
			runOnlyForDeploymentPostprocessing = 0;
		};
/* End PBXFrameworksBuildPhase section */

/* Begin PBXGroup section */
		DC5D44D42C57B7E900F86920 /* ProductStore */ = {
			isa = PBXGroup;
			children = (
				DC5D44D22C57B6B400F86920 /* ProductStore.swift */,
			);
			path = ProductStore;
			sourceTree = "<group>";
		};
		DC5D44D52C57B7FD00F86920 /* ProductItem */ = {
			isa = PBXGroup;
			children = (
				DC5D44B02C57ADA400F86920 /* ProductItem.swift */,
			);
			path = ProductItem;
			sourceTree = "<group>";
		};
		DC5D44D62C57B80C00F86920 /* CartManager */ = {
			isa = PBXGroup;
			children = (
				DC5D44AE2C57AB9600F86920 /* CartManager.swift */,
			);
			path = CartManager;
			sourceTree = "<group>";
		};
		DC5D44D72C57BA0000F86920 /* ProductView */ = {
			isa = PBXGroup;
			children = (
				DCBE27002C578523008082FA /* ProductView.swift */,
				DC5D44DD2C57D6D300F86920 /* ProductView_Cell */,
			);
			path = ProductView;
			sourceTree = "<group>";
		};
		DC5D44DA2C57BF7400F86920 /* CartView */ = {
			isa = PBXGroup;
			children = (
				DC5D44DB2C57BF8B00F86920 /* CartView.swift */,
			);
			path = CartView;
			sourceTree = "<group>";
		};
		DC5D44DD2C57D6D300F86920 /* ProductView_Cell */ = {
			isa = PBXGroup;
			children = (
				DC5D44D82C57BA3F00F86920 /* ProductView_Cell.swift */,
			);
			path = ProductView_Cell;
			sourceTree = "<group>";
		};
		DC5D44DE2C57DA8C00F86920 /* Screens */ = {
			isa = PBXGroup;
			children = (
				DC5D44D72C57BA0000F86920 /* ProductView */,
				DC5D44DA2C57BF7400F86920 /* CartView */,
			);
			path = Screens;
			sourceTree = "<group>";
		};
		DCBE26F22C578522008082FA = {
			isa = PBXGroup;
			children = (
				DCBE26FD2C578523008082FA /* PatternExamples */,
				DCBE26FC2C578523008082FA /* Products */,
			);
			sourceTree = "<group>";
		};
		DCBE26FC2C578523008082FA /* Products */ = {
			isa = PBXGroup;
			children = (
				DCBE26FB2C578523008082FA /* PatternExamples.app */,
			);
			name = Products;
			sourceTree = "<group>";
		};
		DCBE26FD2C578523008082FA /* PatternExamples */ = {
			isa = PBXGroup;
			children = (
				DC5D44DE2C57DA8C00F86920 /* Screens */,
				DC5D44D62C57B80C00F86920 /* CartManager */,
				DC5D44D52C57B7FD00F86920 /* ProductItem */,
				DC5D44D42C57B7E900F86920 /* ProductStore */,
				DCBE26FE2C578523008082FA /* PatternExamplesApp.swift */,
				DCBE27022C578524008082FA /* Assets.xcassets */,
				DCBE27042C578524008082FA /* Preview Content */,
			);
			path = PatternExamples;
			sourceTree = "<group>";
		};
		DCBE27042C578524008082FA /* Preview Content */ = {
			isa = PBXGroup;
			children = (
				DCBE27052C578524008082FA /* Preview Assets.xcassets */,
			);
			path = "Preview Content";
			sourceTree = "<group>";
		};
/* End PBXGroup section */

/* Begin PBXNativeTarget section */
		DCBE26FA2C578523008082FA /* PatternExamples */ = {
			isa = PBXNativeTarget;
			buildConfigurationList = DCBE27092C578524008082FA /* Build configuration list for PBXNativeTarget "PatternExamples" */;
			buildPhases = (
				DCBE26F72C578523008082FA /* Sources */,
				DCBE26F82C578523008082FA /* Frameworks */,
				DCBE26F92C578523008082FA /* Resources */,
			);
			buildRules = (
			);
			dependencies = (
			);
			name = PatternExamples;
			productName = PatternExamples;
			productReference = DCBE26FB2C578523008082FA /* PatternExamples.app */;
			productType = "com.apple.product-type.application";
		};
/* End PBXNativeTarget section */

/* Begin PBXProject section */
		DCBE26F32C578522008082FA /* Project object */ = {
			isa = PBXProject;
			attributes = {
				BuildIndependentTargetsInParallel = 1;
				LastSwiftUpdateCheck = 1540;
				LastUpgradeCheck = 1540;
				TargetAttributes = {
					DCBE26FA2C578523008082FA = {
						CreatedOnToolsVersion = 15.4;
					};
				};
			};
			buildConfigurationList = DCBE26F62C578522008082FA /* Build configuration list for PBXProject "PatternExamples" */;
			compatibilityVersion = "Xcode 14.0";
			developmentRegion = en;
			hasScannedForEncodings = 0;
			knownRegions = (
				en,
				Base,
			);
			mainGroup = DCBE26F22C578522008082FA;
			productRefGroup = DCBE26FC2C578523008082FA /* Products */;
			projectDirPath = "";
			projectRoot = "";
			targets = (
				DCBE26FA2C578523008082FA /* PatternExamples */,
			);
		};
/* End PBXProject section */

/* Begin PBXResourcesBuildPhase section */
		DCBE26F92C578523008082FA /* Resources */ = {
			isa = PBXResourcesBuildPhase;
			buildActionMask = 2147483647;
			files = (
				DCBE27062C578524008082FA /* Preview Assets.xcassets in Resources */,
				DCBE27032C578524008082FA /* Assets.xcassets in Resources */,
			);
			runOnlyForDeploymentPostprocessing = 0;
		};
/* End PBXResourcesBuildPhase section */

/* Begin PBXSourcesBuildPhase section */
		DCBE26F72C578523008082FA /* Sources */ = {
			isa = PBXSourcesBuildPhase;
			buildActionMask = 2147483647;
			files = (
				DC5D44D32C57B6B400F86920 /* ProductStore.swift in Sources */,
				DC5D44DC2C57BF8B00F86920 /* CartView.swift in Sources */,
				DC5D44AF2C57AB9600F86920 /* CartManager.swift in Sources */,
				DC5D44D92C57BA3F00F86920 /* ProductView_Cell.swift in Sources */,
				DCBE27012C578523008082FA /* ProductView.swift in Sources */,
				DC5D44B12C57ADA400F86920 /* ProductItem.swift in Sources */,
				DCBE26FF2C578523008082FA /* PatternExamplesApp.swift in Sources */,
			);
			runOnlyForDeploymentPostprocessing = 0;
		};
/* End PBXSourcesBuildPhase section */

/* Begin XCBuildConfiguration section */
		DCBE27072C578524008082FA /* Debug */ = {
			isa = XCBuildConfiguration;
			buildSettings = {
				ALWAYS_SEARCH_USER_PATHS = NO;
				ASSETCATALOG_COMPILER_GENERATE_SWIFT_ASSET_SYMBOL_EXTENSIONS = YES;
				CLANG_ANALYZER_NONNULL = YES;
				CLANG_ANALYZER_NUMBER_OBJECT_CONVERSION = YES_AGGRESSIVE;
				CLANG_CXX_LANGUAGE_STANDARD = "gnu++20";
				CLANG_ENABLE_MODULES = YES;
				CLANG_ENABLE_OBJC_ARC = YES;
				CLANG_ENABLE_OBJC_WEAK = YES;
				CLANG_WARN_BLOCK_CAPTURE_AUTORELEASING = YES;
				CLANG_WARN_BOOL_CONVERSION = YES;
				CLANG_WARN_COMMA = YES;
				CLANG_WARN_CONSTANT_CONVERSION = YES;
				CLANG_WARN_DEPRECATED_OBJC_IMPLEMENTATIONS = YES;
				CLANG_WARN_DIRECT_OBJC_ISA_USAGE = YES_ERROR;
				CLANG_WARN_DOCUMENTATION_COMMENTS = YES;
				CLANG_WARN_EMPTY_BODY = YES;
				CLANG_WARN_ENUM_CONVERSION = YES;
				CLANG_WARN_INFINITE_RECURSION = YES;
				CLANG_WARN_INT_CONVERSION = YES;
				CLANG_WARN_NON_LITERAL_NULL_CONVERSION = YES;
				CLANG_WARN_OBJC_IMPLICIT_RETAIN_SELF = YES;
				CLANG_WARN_OBJC_LITERAL_CONVERSION = YES;
				CLANG_WARN_OBJC_ROOT_CLASS = YES_ERROR;
				CLANG_WARN_QUOTED_INCLUDE_IN_FRAMEWORK_HEADER = YES;
				CLANG_WARN_RANGE_LOOP_ANALYSIS = YES;
				CLANG_WARN_STRICT_PROTOTYPES = YES;
				CLANG_WARN_SUSPICIOUS_MOVE = YES;
				CLANG_WARN_UNGUARDED_AVAILABILITY = YES_AGGRESSIVE;
				CLANG_WARN_UNREACHABLE_CODE = YES;
				CLANG_WARN__DUPLICATE_METHOD_MATCH = YES;
				COPY_PHASE_STRIP = NO;
				DEBUG_INFORMATION_FORMAT = dwarf;
				ENABLE_STRICT_OBJC_MSGSEND = YES;
				ENABLE_TESTABILITY = YES;
				ENABLE_USER_SCRIPT_SANDBOXING = YES;
				GCC_C_LANGUAGE_STANDARD = gnu17;
				GCC_DYNAMIC_NO_PIC = NO;
				GCC_NO_COMMON_BLOCKS = YES;
				GCC_OPTIMIZATION_LEVEL = 0;
				GCC_PREPROCESSOR_DEFINITIONS = (
					"DEBUG=1",
					"$(inherited)",
				);
				GCC_WARN_64_TO_32_BIT_CONVERSION = YES;
				GCC_WARN_ABOUT_RETURN_TYPE = YES_ERROR;
				GCC_WARN_UNDECLARED_SELECTOR = YES;
				GCC_WARN_UNINITIALIZED_AUTOS = YES_AGGRESSIVE;
				GCC_WARN_UNUSED_FUNCTION = YES;
				GCC_WARN_UNUSED_VARIABLE = YES;
				IPHONEOS_DEPLOYMENT_TARGET = 17.5;
				LOCALIZATION_PREFERS_STRING_CATALOGS = YES;
				MTL_ENABLE_DEBUG_INFO = INCLUDE_SOURCE;
				MTL_FAST_MATH = YES;
				ONLY_ACTIVE_ARCH = YES;
				SDKROOT = iphoneos;
				SWIFT_ACTIVE_COMPILATION_CONDITIONS = "DEBUG $(inherited)";
				SWIFT_OPTIMIZATION_LEVEL = "-Onone";
			};
			name = Debug;
		};
		DCBE27082C578524008082FA /* Release */ = {
			isa = XCBuildConfiguration;
			buildSettings = {
				ALWAYS_SEARCH_USER_PATHS = NO;
				ASSETCATALOG_COMPILER_GENERATE_SWIFT_ASSET_SYMBOL_EXTENSIONS = YES;
				CLANG_ANALYZER_NONNULL = YES;
				CLANG_ANALYZER_NUMBER_OBJECT_CONVERSION = YES_AGGRESSIVE;
				CLANG_CXX_LANGUAGE_STANDARD = "gnu++20";
				CLANG_ENABLE_MODULES = YES;
				CLANG_ENABLE_OBJC_ARC = YES;
				CLANG_ENABLE_OBJC_WEAK = YES;
				CLANG_WARN_BLOCK_CAPTURE_AUTORELEASING = YES;
				CLANG_WARN_BOOL_CONVERSION = YES;
				CLANG_WARN_COMMA = YES;
				CLANG_WARN_CONSTANT_CONVERSION = YES;
				CLANG_WARN_DEPRECATED_OBJC_IMPLEMENTATIONS = YES;
				CLANG_WARN_DIRECT_OBJC_ISA_USAGE = YES_ERROR;
				CLANG_WARN_DOCUMENTATION_COMMENTS = YES;
				CLANG_WARN_EMPTY_BODY = YES;
				CLANG_WARN_ENUM_CONVERSION = YES;
				CLANG_WARN_INFINITE_RECURSION = YES;
				CLANG_WARN_INT_CONVERSION = YES;
				CLANG_WARN_NON_LITERAL_NULL_CONVERSION = YES;
				CLANG_WARN_OBJC_IMPLICIT_RETAIN_SELF = YES;
				CLANG_WARN_OBJC_LITERAL_CONVERSION = YES;
				CLANG_WARN_OBJC_ROOT_CLASS = YES_ERROR;
				CLANG_WARN_QUOTED_INCLUDE_IN_FRAMEWORK_HEADER = YES;
				CLANG_WARN_RANGE_LOOP_ANALYSIS = YES;
				CLANG_WARN_STRICT_PROTOTYPES = YES;
				CLANG_WARN_SUSPICIOUS_MOVE = YES;
				CLANG_WARN_UNGUARDED_AVAILABILITY = YES_AGGRESSIVE;
				CLANG_WARN_UNREACHABLE_CODE = YES;
				CLANG_WARN__DUPLICATE_METHOD_MATCH = YES;
				COPY_PHASE_STRIP = NO;
				DEBUG_INFORMATION_FORMAT = "dwarf-with-dsym";
				ENABLE_NS_ASSERTIONS = NO;
				ENABLE_STRICT_OBJC_MSGSEND = YES;
				ENABLE_USER_SCRIPT_SANDBOXING = YES;
				GCC_C_LANGUAGE_STANDARD = gnu17;
				GCC_NO_COMMON_BLOCKS = YES;
				GCC_WARN_64_TO_32_BIT_CONVERSION = YES;
				GCC_WARN_ABOUT_RETURN_TYPE = YES_ERROR;
				GCC_WARN_UNDECLARED_SELECTOR = YES;
				GCC_WARN_UNINITIALIZED_AUTOS = YES_AGGRESSIVE;
				GCC_WARN_UNUSED_FUNCTION = YES;
				GCC_WARN_UNUSED_VARIABLE = YES;
				IPHONEOS_DEPLOYMENT_TARGET = 17.5;
				LOCALIZATION_PREFERS_STRING_CATALOGS = YES;
				MTL_ENABLE_DEBUG_INFO = NO;
				MTL_FAST_MATH = YES;
				SDKROOT = iphoneos;
				SWIFT_COMPILATION_MODE = wholemodule;
				VALIDATE_PRODUCT = YES;
			};
			name = Release;
		};
		DCBE270A2C578524008082FA /* Debug */ = {
			isa = XCBuildConfiguration;
			buildSettings = {
				ASSETCATALOG_COMPILER_APPICON_NAME = AppIcon;
				ASSETCATALOG_COMPILER_GLOBAL_ACCENT_COLOR_NAME = AccentColor;
				CODE_SIGN_STYLE = Automatic;
				CURRENT_PROJECT_VERSION = 1;
				DEVELOPMENT_ASSET_PATHS = "\"PatternExamples/Preview Content\"";
				DEVELOPMENT_TEAM = Y36X754HU4;
				ENABLE_PREVIEWS = YES;
				GENERATE_INFOPLIST_FILE = YES;
				INFOPLIST_KEY_UIApplicationSceneManifest_Generation = YES;
				INFOPLIST_KEY_UIApplicationSupportsIndirectInputEvents = YES;
				INFOPLIST_KEY_UILaunchScreen_Generation = YES;
				INFOPLIST_KEY_UISupportedInterfaceOrientations_iPad = "UIInterfaceOrientationPortrait UIInterfaceOrientationPortraitUpsideDown UIInterfaceOrientationLandscapeLeft UIInterfaceOrientationLandscapeRight";
				INFOPLIST_KEY_UISupportedInterfaceOrientations_iPhone = "UIInterfaceOrientationPortrait UIInterfaceOrientationLandscapeLeft UIInterfaceOrientationLandscapeRight";
				LD_RUNPATH_SEARCH_PATHS = (
					"$(inherited)",
					"@executable_path/Frameworks",
				);
				MARKETING_VERSION = 1.0;
				PRODUCT_BUNDLE_IDENTIFIER = "Nastya-Romanova.PatternExamples";
				PRODUCT_NAME = "$(TARGET_NAME)";
				SWIFT_EMIT_LOC_STRINGS = YES;
				SWIFT_VERSION = 5.0;
				TARGETED_DEVICE_FAMILY = "1,2";
			};
			name = Debug;
		};
		DCBE270B2C578524008082FA /* Release */ = {
			isa = XCBuildConfiguration;
			buildSettings = {
				ASSETCATALOG_COMPILER_APPICON_NAME = AppIcon;
				ASSETCATALOG_COMPILER_GLOBAL_ACCENT_COLOR_NAME = AccentColor;
				CODE_SIGN_STYLE = Automatic;
				CURRENT_PROJECT_VERSION = 1;
				DEVELOPMENT_ASSET_PATHS = "\"PatternExamples/Preview Content\"";
				DEVELOPMENT_TEAM = Y36X754HU4;
				ENABLE_PREVIEWS = YES;
				GENERATE_INFOPLIST_FILE = YES;
				INFOPLIST_KEY_UIApplicationSceneManifest_Generation = YES;
				INFOPLIST_KEY_UIApplicationSupportsIndirectInputEvents = YES;
				INFOPLIST_KEY_UILaunchScreen_Generation = YES;
				INFOPLIST_KEY_UISupportedInterfaceOrientations_iPad = "UIInterfaceOrientationPortrait UIInterfaceOrientationPortraitUpsideDown UIInterfaceOrientationLandscapeLeft UIInterfaceOrientationLandscapeRight";
				INFOPLIST_KEY_UISupportedInterfaceOrientations_iPhone = "UIInterfaceOrientationPortrait UIInterfaceOrientationLandscapeLeft UIInterfaceOrientationLandscapeRight";
				LD_RUNPATH_SEARCH_PATHS = (
					"$(inherited)",
					"@executable_path/Frameworks",
				);
				MARKETING_VERSION = 1.0;
				PRODUCT_BUNDLE_IDENTIFIER = "Nastya-Romanova.PatternExamples";
				PRODUCT_NAME = "$(TARGET_NAME)";
				SWIFT_EMIT_LOC_STRINGS = YES;
				SWIFT_VERSION = 5.0;
				TARGETED_DEVICE_FAMILY = "1,2";
			};
			name = Release;
		};
/* End XCBuildConfiguration section */

/* Begin XCConfigurationList section */
		DCBE26F62C578522008082FA /* Build configuration list for PBXProject "PatternExamples" */ = {
			isa = XCConfigurationList;
			buildConfigurations = (
				DCBE27072C578524008082FA /* Debug */,
				DCBE27082C578524008082FA /* Release */,
			);
			defaultConfigurationIsVisible = 0;
			defaultConfigurationName = Release;
		};
		DCBE27092C578524008082FA /* Build configuration list for PBXNativeTarget "PatternExamples" */ = {
			isa = XCConfigurationList;
			buildConfigurations = (
				DCBE270A2C578524008082FA /* Debug */,
				DCBE270B2C578524008082FA /* Release */,
			);
			defaultConfigurationIsVisible = 0;
			defaultConfigurationName = Release;
		};
/* End XCConfigurationList section */
	};
	rootObject = DCBE26F32C578522008082FA /* Project object */;
}
